
Microsoft Visual Studio Solution File, Format Version 12.00
# Visual Studio Version 16
VisualStudioVersion = 16.0.30204.135
MinimumVisualStudioVersion = 10.0.40219.1
Project("{9A19103F-16F7-4668-BE54-9A1E7A4F7556}") = "ifmo.compilers", "ifmo.compilers\ifmo.compilers.csproj", "{DDABA6D2-7FD6-42F4-BF44-1C7023D060C2}"
EndProject
Project("{9A19103F-16F7-4668-BE54-9A1E7A4F7556}") = "SyntaxAnalysisLibray", "SyntaxAnalysisLibray\SyntaxAnalysisLibray.csproj", "{EB412DB3-EECA-496B-910C-00F57FA8D381}"
EndProject
Project("{9A19103F-16F7-4668-BE54-9A1E7A4F7556}") = "CommonsLibrary", "CommonsLibrary\CommonsLibrary.csproj", "{8C191F5F-57C6-4E53-A4CF-AD2B1B7D8E8C}"
EndProject
Project("{FAE04EC0-301F-11D3-BF4B-00C04F79EFBC}") = "ifmo.compilers.Tests", "ifmo.compilers.Tests\ifmo.compilers.Tests.csproj", "{2727CF30-D01A-4509-8A79-183899BA0E0F}"
EndProject
Global
	GlobalSection(SolutionConfigurationPlatforms) = preSolution
		Debug|Any CPU = Debug|Any CPU
		Release|Any CPU = Release|Any CPU
	EndGlobalSection
	GlobalSection(ProjectConfigurationPlatforms) = postSolution
		{DDABA6D2-7FD6-42F4-BF44-1C7023D060C2}.Debug|Any CPU.ActiveCfg = Debug|Any CPU
		{DDABA6D2-7FD6-42F4-BF44-1C7023D060C2}.Debug|Any CPU.Build.0 = Debug|Any CPU
		{DDABA6D2-7FD6-42F4-BF44-1C7023D060C2}.Release|Any CPU.ActiveCfg = Release|Any CPU
		{DDABA6D2-7FD6-42F4-BF44-1C7023D060C2}.Release|Any CPU.Build.0 = Release|Any CPU
		{EB412DB3-EECA-496B-910C-00F57FA8D381}.Debug|Any CPU.ActiveCfg = Debug|Any CPU
		{EB412DB3-EECA-496B-910C-00F57FA8D381}.Debug|Any CPU.Build.0 = Debug|Any CPU
		{EB412DB3-EECA-496B-910C-00F57FA8D381}.Release|Any CPU.ActiveCfg = Release|Any CPU
		{EB412DB3-EECA-496B-910C-00F57FA8D381}.Release|Any CPU.Build.0 = Release|Any CPU
		{8C191F5F-57C6-4E53-A4CF-AD2B1B7D8E8C}.Debug|Any CPU.ActiveCfg = Debug|Any CPU
		{8C191F5F-57C6-4E53-A4CF-AD2B1B7D8E8C}.Debug|Any CPU.Build.0 = Debug|Any CPU
		{8C191F5F-57C6-4E53-A4CF-AD2B1B7D8E8C}.Release|Any CPU.ActiveCfg = Release|Any CPU
		{8C191F5F-57C6-4E53-A4CF-AD2B1B7D8E8C}.Release|Any CPU.Build.0 = Release|Any CPU
		{2727CF30-D01A-4509-8A79-183899BA0E0F}.Debug|Any CPU.ActiveCfg = Debug|Any CPU
		{2727CF30-D01A-4509-8A79-183899BA0E0F}.Debug|Any CPU.Build.0 = Debug|Any CPU
		{2727CF30-D01A-4509-8A79-183899BA0E0F}.Release|Any CPU.ActiveCfg = Release|Any CPU
		{2727CF30-D01A-4509-8A79-183899BA0E0F}.Release|Any CPU.Build.0 = Release|Any CPU
	EndGlobalSection
	GlobalSection(SolutionProperties) = preSolution
		HideSolutionNode = FALSE
	EndGlobalSection
	GlobalSection(ExtensibilityGlobals) = postSolution
		SolutionGuid = {95BDAF78-F6C5-4C10-BCB3-4BCCAE46B10D}
	EndGlobalSection
EndGlobal
